
Microsoft Visual Studio Solution File, Format Version 12.00
# Visual Studio 15
Project("{FAE04EC0-301F-11D3-BF4B-00C04F79EFBC}") = "VuforiaScripts", "VuforiaScripts.csproj", "{7174CC2E-642E-7188-ACAB-4593AAC92E7E}"
EndProject
Project("{FAE04EC0-301F-11D3-BF4B-00C04F79EFBC}") = "Assembly-CSharp", "Assembly-CSharp.csproj", "{22F1D69E-E88A-8452-65AB-2E570FBEBB6D}"
EndProject
Project("{FAE04EC0-301F-11D3-BF4B-00C04F79EFBC}") = "VuforiaEditorScripts", "VuforiaEditorScripts.csproj", "{B6631A76-40DB-144B-2FAB-DC46310977C2}"
EndProject
Global
	GlobalSection(SolutionConfigurationPlatforms) = preSolution
		Debug|Any CPU = Debug|Any CPU
		Release|Any CPU = Release|Any CPU
	EndGlobalSection
	GlobalSection(ProjectConfigurationPlatforms) = postSolution
		{7174CC2E-642E-7188-ACAB-4593AAC92E7E}.Debug|Any CPU.ActiveCfg = Debug|Any CPU
		{7174CC2E-642E-7188-ACAB-4593AAC92E7E}.Debug|Any CPU.Build.0 = Debug|Any CPU
		{7174CC2E-642E-7188-ACAB-4593AAC92E7E}.Release|Any CPU.ActiveCfg = Release|Any CPU
		{7174CC2E-642E-7188-ACAB-4593AAC92E7E}.Release|Any CPU.Build.0 = Release|Any CPU
		{22F1D69E-E88A-8452-65AB-2E570FBEBB6D}.Debug|Any CPU.ActiveCfg = Debug|Any CPU
		{22F1D69E-E88A-8452-65AB-2E570FBEBB6D}.Debug|Any CPU.Build.0 = Debug|Any CPU
		{22F1D69E-E88A-8452-65AB-2E570FBEBB6D}.Release|Any CPU.ActiveCfg = Release|Any CPU
		{22F1D69E-E88A-8452-65AB-2E570FBEBB6D}.Release|Any CPU.Build.0 = Release|Any CPU
		{B6631A76-40DB-144B-2FAB-DC46310977C2}.Debug|Any CPU.ActiveCfg = Debug|Any CPU
		{B6631A76-40DB-144B-2FAB-DC46310977C2}.Debug|Any CPU.Build.0 = Debug|Any CPU
		{B6631A76-40DB-144B-2FAB-DC46310977C2}.Release|Any CPU.ActiveCfg = Release|Any CPU
		{B6631A76-40DB-144B-2FAB-DC46310977C2}.Release|Any CPU.Build.0 = Release|Any CPU
	EndGlobalSection
	GlobalSection(SolutionProperties) = preSolution
		HideSolutionNode = FALSE
	EndGlobalSection
EndGlobal
